
Microsoft Visual Studio Solution File, Format Version 12.00
# Visual Studio Version 17
VisualStudioVersion = 17.7.34031.279
MinimumVisualStudioVersion = 10.0.40219.1
Project("{FAE04EC0-301F-11D3-BF4B-00C04F79EFBC}") = "MongoDB.Net6", "MongoDB.Net6\MongoDB.Net6.csproj", "{B3000F9B-6344-44B8-BCD8-F75A0009750E}"
EndProject
Global
	GlobalSection(SolutionConfigurationPlatforms) = preSolution
		Debug|Any CPU = Debug|Any CPU
		Release|Any CPU = Release|Any CPU
	EndGlobalSection
	GlobalSection(ProjectConfigurationPlatforms) = postSolution
		{B3000F9B-6344-44B8-BCD8-F75A0009750E}.Debug|Any CPU.ActiveCfg = Debug|Any CPU
		{B3000F9B-6344-44B8-BCD8-F75A0009750E}.Debug|Any CPU.Build.0 = Debug|Any CPU
		{B3000F9B-6344-44B8-BCD8-F75A0009750E}.Release|Any CPU.ActiveCfg = Release|Any CPU
		{B3000F9B-6344-44B8-BCD8-F75A0009750E}.Release|Any CPU.Build.0 = Release|Any CPU
	EndGlobalSection
	GlobalSection(SolutionProperties) = preSolution
		HideSolutionNode = FALSE
	EndGlobalSection
	GlobalSection(ExtensibilityGlobals) = postSolution
		SolutionGuid = {2A8436CF-331A-431B-9B8C-B85D9924F52C}
	EndGlobalSection
EndGlobal
